{
  "name": "moredoc-mp",
  "lockfileVersion": 2,
  "requires": true,
  "packages": {
    "": {
      "dependencies": {
        "pinia-plugin-unistorage": "^0.0.17",
        "qs": "^6.11.2"
      }
    },
    "node_modules/@vue/devtools-api": {
      "version": "6.5.0",
      "resolved": "https://registry.npmjs.org/@vue/devtools-api/-/devtools-api-6.5.0.tgz",
      "integrity": "sha512-o9KfBeaBmCKl10usN4crU53fYtC1r7jJwdGKjPT24t348rHxgfpZ0xL3Xm/gLUYnc0oTp8LAmrxOeLyu6tbk2Q=="
    },
    "node_modules/call-bind": {
      "version": "1.0.2",
      "resolved": "https://registry.npmjs.org/call-bind/-/call-bind-1.0.2.tgz",
      "integrity": "sha512-7O+FbCihrB5WGbFYesctwmTKae6rOiIzmz1icreWJ+0aA7LJfuqhEso2T9ncpcFtzMQtzXf2QGGueWJGTYsqrA==",
      "dependencies": {
        "function-bind": "^1.1.1",
        "get-intrinsic": "^1.0.2"
      },
      "funding": {
        "url": "https://github.com/sponsors/ljharb"
      }
    },
    "node_modules/function-bind": {
      "version": "1.1.1",
      "resolved": "https://registry.npmjs.org/function-bind/-/function-bind-1.1.1.tgz",
      "integrity": "sha512-yIovAzMX49sF8Yl58fSCWJ5svSLuaibPxXQJFLmBObTuCr0Mf1KiPopGM9NiFjiYBCbfaa2Fh6breQ6ANVTI0A=="
    },
    "node_modules/get-intrinsic": {
      "version": "1.2.1",
      "resolved": "https://registry.npmjs.org/get-intrinsic/-/get-intrinsic-1.2.1.tgz",
      "integrity": "sha512-2DcsyfABl+gVHEfCOaTrWgyt+tb6MSEGmKq+kI5HwLbIYgjgmMcV8KQ41uaKz1xxUcn9tJtgFbQUEVcEbd0FYw==",
      "dependencies": {
        "function-bind": "^1.1.1",
        "has": "^1.0.3",
        "has-proto": "^1.0.1",
        "has-symbols": "^1.0.3"
      },
      "funding": {
        "url": "https://github.com/sponsors/ljharb"
      }
    },
    "node_modules/has": {
      "version": "1.0.3",
      "resolved": "https://registry.npmjs.org/has/-/has-1.0.3.tgz",
      "integrity": "sha512-f2dvO0VU6Oej7RkWJGrehjbzMAjFp5/VKPp5tTpWIV4JHHZK1/BxbFRtf/siA2SWTe09caDmVtYYzWEIbBS4zw==",
      "dependencies": {
        "function-bind": "^1.1.1"
      },
      "engines": {
        "node": ">= 0.4.0"
      }
    },
    "node_modules/has-proto": {
      "version": "1.0.1",
      "resolved": "https://registry.npmjs.org/has-proto/-/has-proto-1.0.1.tgz",
      "integrity": "sha512-7qE+iP+O+bgF9clE5+UoBFzE65mlBiVj3tKCrlNQ0Ogwm0BjpT/gK4SlLYDMybDh5I3TCTKnPPa0oMG7JDYrhg==",
      "engines": {
        "node": ">= 0.4"
      },
      "funding": {
        "url": "https://github.com/sponsors/ljharb"
      }
    },
    "node_modules/has-symbols": {
      "version": "1.0.3",
      "resolved": "https://registry.npmjs.org/has-symbols/-/has-symbols-1.0.3.tgz",
      "integrity": "sha512-l3LCuF6MgDNwTDKkdYGEihYjt5pRPbEg46rtlmnSPlUbgmB8LOIrKJbYYFBSbnPaJexMKtiPO8hmeRjRz2Td+A==",
      "engines": {
        "node": ">= 0.4"
      },
      "funding": {
        "url": "https://github.com/sponsors/ljharb"
      }
    },
    "node_modules/object-inspect": {
      "version": "1.12.3",
      "resolved": "https://registry.npmjs.org/object-inspect/-/object-inspect-1.12.3.tgz",
      "integrity": "sha512-geUvdk7c+eizMNUDkRpW1wJwgfOiOeHbxBR/hLXK1aT6zmVSO0jsQcs7fj6MGw89jC/cjGfLcNOrtMYtGqm81g==",
      "funding": {
        "url": "https://github.com/sponsors/ljharb"
      }
    },
    "node_modules/pinia": {
      "version": "2.1.6",
      "resolved": "https://registry.npmjs.org/pinia/-/pinia-2.1.6.tgz",
      "integrity": "sha512-bIU6QuE5qZviMmct5XwCesXelb5VavdOWKWaB17ggk++NUwQWWbP5YnsONTk3b752QkW9sACiR81rorpeOMSvQ==",
      "dependencies": {
        "@vue/devtools-api": "^6.5.0",
        "vue-demi": ">=0.14.5"
      },
      "funding": {
        "url": "https://github.com/sponsors/posva"
      },
      "peerDependencies": {
        "@vue/composition-api": "^1.4.0",
        "typescript": ">=4.4.4",
        "vue": "^2.6.14 || ^3.3.0"
      },
      "peerDependenciesMeta": {
        "@vue/composition-api": {
          "optional": true
        },
        "typescript": {
          "optional": true
        }
      }
    },
    "node_modules/pinia-plugin-unistorage": {
      "version": "0.0.17",
      "resolved": "https://registry.npmjs.org/pinia-plugin-unistorage/-/pinia-plugin-unistorage-0.0.17.tgz",
      "integrity": "sha512-Oo4KTWyZP+7/fRRGG5ACoFIBZznEgFt8SPSOcg99t5NHzFP1wSTAfgl25eRr7Tv11pkWyzgZSa3oMGVIBBs1MA==",
      "dependencies": {
        "pinia": "^2.0.33"
      }
    },
    "node_modules/qs": {
      "version": "6.11.2",
      "resolved": "https://registry.npmjs.org/qs/-/qs-6.11.2.tgz",
      "integrity": "sha512-tDNIz22aBzCDxLtVH++VnTfzxlfeK5CbqohpSqpJgj1Wg/cQbStNAz3NuqCs5vV+pjBsK4x4pN9HlVh7rcYRiA==",
      "dependencies": {
        "side-channel": "^1.0.4"
      },
      "engines": {
        "node": ">=0.6"
      },
      "funding": {
        "url": "https://github.com/sponsors/ljharb"
      }
    },
    "node_modules/side-channel": {
      "version": "1.0.4",
      "resolved": "https://registry.npmjs.org/side-channel/-/side-channel-1.0.4.tgz",
      "integrity": "sha512-q5XPytqFEIKHkGdiMIrY10mvLRvnQh42/+GoBlFW3b2LXLE2xxJpZFdm94we0BaoV3RwJyGqg5wS7epxTv0Zvw==",
      "dependencies": {
        "call-bind": "^1.0.0",
        "get-intrinsic": "^1.0.2",
        "object-inspect": "^1.9.0"
      },
      "funding": {
        "url": "https://github.com/sponsors/ljharb"
      }
    },
    "node_modules/vue": {
      "version": "2.6.14",
      "resolved": "https://registry.npmjs.org/vue/-/vue-2.6.14.tgz",
      "integrity": "sha512-x2284lgYvjOMj3Za7kqzRcUSxBboHqtgRE2zlos1qWaOye5yUmHn42LB1250NJBLRwEcdrB0JRwyPTEPhfQjiQ==",
      "peer": true
    },
    "node_modules/vue-demi": {
      "version": "0.14.5",
      "resolved": "https://registry.npmjs.org/vue-demi/-/vue-demi-0.14.5.tgz",
      "integrity": "sha512-o9NUVpl/YlsGJ7t+xuqJKx8EBGf1quRhCiT6D/J0pfwmk9zUwYkC7yrF4SZCe6fETvSM3UNL2edcbYrSyc4QHA==",
      "hasInstallScript": true,
      "bin": {
        "vue-demi-fix": "bin/vue-demi-fix.js",
        "vue-demi-switch": "bin/vue-demi-switch.js"
      },
      "engines": {
        "node": ">=12"
      },
      "funding": {
        "url": "https://github.com/sponsors/antfu"
      },
      "peerDependencies": {
        "@vue/composition-api": "^1.0.0-rc.1",
        "vue": "^3.0.0-0 || ^2.6.0"
      },
      "peerDependenciesMeta": {
        "@vue/composition-api": {
          "optional": true
        }
      }
    }
  },
  "dependencies": {
    "@vue/devtools-api": {
      "version": "6.5.0",
      "resolved": "https://registry.npmjs.org/@vue/devtools-api/-/devtools-api-6.5.0.tgz",
      "integrity": "sha512-o9KfBeaBmCKl10usN4crU53fYtC1r7jJwdGKjPT24t348rHxgfpZ0xL3Xm/gLUYnc0oTp8LAmrxOeLyu6tbk2Q=="
    },
    "call-bind": {
      "version": "1.0.2",
      "resolved": "https://registry.npmjs.org/call-bind/-/call-bind-1.0.2.tgz",
      "integrity": "sha512-7O+FbCihrB5WGbFYesctwmTKae6rOiIzmz1icreWJ+0aA7LJfuqhEso2T9ncpcFtzMQtzXf2QGGueWJGTYsqrA==",
      "requires": {
        "function-bind": "^1.1.1",
        "get-intrinsic": "^1.0.2"
      }
    },
    "function-bind": {
      "version": "1.1.1",
      "resolved": "https://registry.npmjs.org/function-bind/-/function-bind-1.1.1.tgz",
      "integrity": "sha512-yIovAzMX49sF8Yl58fSCWJ5svSLuaibPxXQJFLmBObTuCr0Mf1KiPopGM9NiFjiYBCbfaa2Fh6breQ6ANVTI0A=="
    },
    "get-intrinsic": {
      "version": "1.2.1",
      "resolved": "https://registry.npmjs.org/get-intrinsic/-/get-intrinsic-1.2.1.tgz",
      "integrity": "sha512-2DcsyfABl+gVHEfCOaTrWgyt+tb6MSEGmKq+kI5HwLbIYgjgmMcV8KQ41uaKz1xxUcn9tJtgFbQUEVcEbd0FYw==",
      "requires": {
        "function-bind": "^1.1.1",
        "has": "^1.0.3",
        "has-proto": "^1.0.1",
        "has-symbols": "^1.0.3"
      }
    },
    "has": {
      "version": "1.0.3",
      "resolved": "https://registry.npmjs.org/has/-/has-1.0.3.tgz",
      "integrity": "sha512-f2dvO0VU6Oej7RkWJGrehjbzMAjFp5/VKPp5tTpWIV4JHHZK1/BxbFRtf/siA2SWTe09caDmVtYYzWEIbBS4zw==",
      "requires": {
        "function-bind": "^1.1.1"
      }
    },
    "has-proto": {
      "version": "1.0.1",
      "resolved": "https://registry.npmjs.org/has-proto/-/has-proto-1.0.1.tgz",
      "integrity": "sha512-7qE+iP+O+bgF9clE5+UoBFzE65mlBiVj3tKCrlNQ0Ogwm0BjpT/gK4SlLYDMybDh5I3TCTKnPPa0oMG7JDYrhg=="
    },
    "has-symbols": {
      "version": "1.0.3",
      "resolved": "https://registry.npmjs.org/has-symbols/-/has-symbols-1.0.3.tgz",
      "integrity": "sha512-l3LCuF6MgDNwTDKkdYGEihYjt5pRPbEg46rtlmnSPlUbgmB8LOIrKJbYYFBSbnPaJexMKtiPO8hmeRjRz2Td+A=="
    },
    "object-inspect": {
      "version": "1.12.3",
      "resolved": "https://registry.npmjs.org/object-inspect/-/object-inspect-1.12.3.tgz",
      "integrity": "sha512-geUvdk7c+eizMNUDkRpW1wJwgfOiOeHbxBR/hLXK1aT6zmVSO0jsQcs7fj6MGw89jC/cjGfLcNOrtMYtGqm81g=="
    },
    "pinia": {
      "version": "2.1.6",
      "resolved": "https://registry.npmjs.org/pinia/-/pinia-2.1.6.tgz",
      "integrity": "sha512-bIU6QuE5qZviMmct5XwCesXelb5VavdOWKWaB17ggk++NUwQWWbP5YnsONTk3b752QkW9sACiR81rorpeOMSvQ==",
      "requires": {
        "@vue/devtools-api": "^6.5.0",
        "vue-demi": ">=0.14.5"
      }
    },
    "pinia-plugin-unistorage": {
      "version": "0.0.17",
      "resolved": "https://registry.npmjs.org/pinia-plugin-unistorage/-/pinia-plugin-unistorage-0.0.17.tgz",
      "integrity": "sha512-Oo4KTWyZP+7/fRRGG5ACoFIBZznEgFt8SPSOcg99t5NHzFP1wSTAfgl25eRr7Tv11pkWyzgZSa3oMGVIBBs1MA==",
      "requires": {
        "pinia": "^2.0.33"
      }
    },
    "qs": {
      "version": "6.11.2",
      "resolved": "https://registry.npmjs.org/qs/-/qs-6.11.2.tgz",
      "integrity": "sha512-tDNIz22aBzCDxLtVH++VnTfzxlfeK5CbqohpSqpJgj1Wg/cQbStNAz3NuqCs5vV+pjBsK4x4pN9HlVh7rcYRiA==",
      "requires": {
        "side-channel": "^1.0.4"
      }
    },
    "side-channel": {
      "version": "1.0.4",
      "resolved": "https://registry.npmjs.org/side-channel/-/side-channel-1.0.4.tgz",
      "integrity": "sha512-q5XPytqFEIKHkGdiMIrY10mvLRvnQh42/+GoBlFW3b2LXLE2xxJpZFdm94we0BaoV3RwJyGqg5wS7epxTv0Zvw==",
      "requires": {
        "call-bind": "^1.0.0",
        "get-intrinsic": "^1.0.2",
        "object-inspect": "^1.9.0"
      }
    },
    "vue": {
      "version": "2.6.14",
      "resolved": "https://registry.npmjs.org/vue/-/vue-2.6.14.tgz",
      "integrity": "sha512-x2284lgYvjOMj3Za7kqzRcUSxBboHqtgRE2zlos1qWaOye5yUmHn42LB1250NJBLRwEcdrB0JRwyPTEPhfQjiQ==",
      "peer": true
    },
    "vue-demi": {
      "version": "0.14.5",
      "resolved": "https://registry.npmjs.org/vue-demi/-/vue-demi-0.14.5.tgz",
      "integrity": "sha512-o9NUVpl/YlsGJ7t+xuqJKx8EBGf1quRhCiT6D/J0pfwmk9zUwYkC7yrF4SZCe6fETvSM3UNL2edcbYrSyc4QHA==",
      "requires": {}
    }
  }
}
